
Microsoft Visual Studio Solution File, Format Version 12.00
# Visual Studio Version 17
VisualStudioVersion = 17.0.31612.314
MinimumVisualStudioVersion = 10.0.40219.1
Project("{FAE04EC0-301F-11D3-BF4B-00C04F79EFBC}") = "Set-DisplayResolution", "SetDisplayResolution\Set-DisplayResolution.csproj", "{1BF8DF56-172B-4D0B-AE09-E32B40CAB093}"
EndProject
Global
	GlobalSection(SolutionConfigurationPlatforms) = preSolution
		Debug|Any CPU = Debug|Any CPU
		Release|Any CPU = Release|Any CPU
	EndGlobalSection
	GlobalSection(ProjectConfigurationPlatforms) = postSolution
		{1BF8DF56-172B-4D0B-AE09-E32B40CAB093}.Debug|Any CPU.ActiveCfg = Debug|Any CPU
		{1BF8DF56-172B-4D0B-AE09-E32B40CAB093}.Debug|Any CPU.Build.0 = Debug|Any CPU
		{1BF8DF56-172B-4D0B-AE09-E32B40CAB093}.Release|Any CPU.ActiveCfg = Release|Any CPU
		{1BF8DF56-172B-4D0B-AE09-E32B40CAB093}.Release|Any CPU.Build.0 = Release|Any CPU
	EndGlobalSection
	GlobalSection(SolutionProperties) = preSolution
		HideSolutionNode = FALSE
	EndGlobalSection
	GlobalSection(ExtensibilityGlobals) = postSolution
		SolutionGuid = {E35FB744-9FB5-4BDC-9881-0BB4997F374C}
	EndGlobalSection
EndGlobal
